// !$*UTF8*$!
{
	archiveVersion = 1;
	classes = {
	};
	objectVersion = 56;
	objects = {

/* Begin PBXBuildFile section */
		19594FE19C69A6D4F8F866BC /* Pods_Spotify.framework in Frameworks */ = {isa = PBXBuildFile; fileRef = 488CCA15AC7C03AE722D96C1 /* Pods_Spotify.framework */; };
		D605140D2C2A3BA400E9486F /* NewReleasesResponse.swift in Sources */ = {isa = PBXBuildFile; fileRef = D605140C2C2A3BA400E9486F /* NewReleasesResponse.swift */; };
		D605140F2C2A3BD100E9486F /* APIImage.swift in Sources */ = {isa = PBXBuildFile; fileRef = D605140E2C2A3BD100E9486F /* APIImage.swift */; };
		D60514112C2A3DDC00E9486F /* FeaturedPlaylistsResponse.swift in Sources */ = {isa = PBXBuildFile; fileRef = D60514102C2A3DDC00E9486F /* FeaturedPlaylistsResponse.swift */; };
		D60514132C2A3FEA00E9486F /* RecommendationsResponse.swift in Sources */ = {isa = PBXBuildFile; fileRef = D60514122C2A3FEA00E9486F /* RecommendationsResponse.swift */; };
		D60514152C2A40F000E9486F /* RecommendedGenresResponse.swift in Sources */ = {isa = PBXBuildFile; fileRef = D60514142C2A40F000E9486F /* RecommendedGenresResponse.swift */; };
		D60C49842C72EEF500F241D0 /* PlayerControlsView.swift in Sources */ = {isa = PBXBuildFile; fileRef = D60C49832C72EEF500F241D0 /* PlayerControlsView.swift */; };
		D60C49862C72EF4600F241D0 /* PlayerControlsViewViewModel.swift in Sources */ = {isa = PBXBuildFile; fileRef = D60C49852C72EF4600F241D0 /* PlayerControlsViewViewModel.swift */; };
		D61135972C0AA6B40069131F /* AppDelegate.swift in Sources */ = {isa = PBXBuildFile; fileRef = D61135962C0AA6B40069131F /* AppDelegate.swift */; };
		D61135992C0AA6B40069131F /* SceneDelegate.swift in Sources */ = {isa = PBXBuildFile; fileRef = D61135982C0AA6B40069131F /* SceneDelegate.swift */; };
		D611359B2C0AA6B40069131F /* HomeViewController.swift in Sources */ = {isa = PBXBuildFile; fileRef = D611359A2C0AA6B40069131F /* HomeViewController.swift */; };
		D61135A02C0AA6B50069131F /* Assets.xcassets in Resources */ = {isa = PBXBuildFile; fileRef = D611359F2C0AA6B50069131F /* Assets.xcassets */; };
		D61135A32C0AA6B50069131F /* Base in Resources */ = {isa = PBXBuildFile; fileRef = D61135A22C0AA6B50069131F /* Base */; };
		D612B99C2C7AAB0900A4A1C8 /* LibraryPlaylistsViewController.swift in Sources */ = {isa = PBXBuildFile; fileRef = D612B99B2C7AAB0900A4A1C8 /* LibraryPlaylistsViewController.swift */; };
		D612B99E2C7AAC0C00A4A1C8 /* ActionLabelView.swift in Sources */ = {isa = PBXBuildFile; fileRef = D612B99D2C7AAC0C00A4A1C8 /* ActionLabelView.swift */; };
		D612B9A02C7AADF800A4A1C8 /* LibraryPlaylistsResponse.swift in Sources */ = {isa = PBXBuildFile; fileRef = D612B99F2C7AADF800A4A1C8 /* LibraryPlaylistsResponse.swift */; };
		D612B9A22C7AAF1700A4A1C8 /* LibraryAlbumsViewController.swift in Sources */ = {isa = PBXBuildFile; fileRef = D612B9A12C7AAF1700A4A1C8 /* LibraryAlbumsViewController.swift */; };
		D612B9A42C7AAFE400A4A1C8 /* LibraryAlbumsResponse.swift in Sources */ = {isa = PBXBuildFile; fileRef = D612B9A32C7AAFE400A4A1C8 /* LibraryAlbumsResponse.swift */; };
		D612B9A62C7AB03E00A4A1C8 /* LibraryToggleView.swift in Sources */ = {isa = PBXBuildFile; fileRef = D612B9A52C7AB03E00A4A1C8 /* LibraryToggleView.swift */; };
		D612B9A82C7AE4BB00A4A1C8 /* SettingsViewController.swift in Sources */ = {isa = PBXBuildFile; fileRef = D612B9A72C7AE4BB00A4A1C8 /* SettingsViewController.swift */; };
		D612B9B12C7AF2C000A4A1C8 /* Playlist.png in Resources */ = {isa = PBXBuildFile; fileRef = D612B9AA2C7AF2C000A4A1C8 /* Playlist.png */; };
		D612B9B22C7AF2C000A4A1C8 /* Search Result.png in Resources */ = {isa = PBXBuildFile; fileRef = D612B9AB2C7AF2C000A4A1C8 /* Search Result.png */; };
		D612B9B32C7AF2C000A4A1C8 /* Browse.png in Resources */ = {isa = PBXBuildFile; fileRef = D612B9AC2C7AF2C000A4A1C8 /* Browse.png */; };
		D612B9B42C7AF2C000A4A1C8 /* Welcome.png in Resources */ = {isa = PBXBuildFile; fileRef = D612B9AD2C7AF2C000A4A1C8 /* Welcome.png */; };
		D612B9B52C7AF2C000A4A1C8 /* Sign In.png in Resources */ = {isa = PBXBuildFile; fileRef = D612B9AE2C7AF2C000A4A1C8 /* Sign In.png */; };
		D612B9B62C7AF2C000A4A1C8 /* Search.png in Resources */ = {isa = PBXBuildFile; fileRef = D612B9AF2C7AF2C000A4A1C8 /* Search.png */; };
		D612B9B72C7AF2C000A4A1C8 /* Album.png in Resources */ = {isa = PBXBuildFile; fileRef = D612B9B02C7AF2C000A4A1C8 /* Album.png */; };
		D63E0C4A2C331EF6008D8E34 /* NewReleasesCellViewModel.swift in Sources */ = {isa = PBXBuildFile; fileRef = D63E0C492C331EF6008D8E34 /* NewReleasesCellViewModel.swift */; };
		D63E0C4C2C331F46008D8E34 /* RecommendedTrackCellViewModel.swift in Sources */ = {isa = PBXBuildFile; fileRef = D63E0C4B2C331F46008D8E34 /* RecommendedTrackCellViewModel.swift */; };
		D63E0C4E2C331F67008D8E34 /* FeaturedPlaylistCellViewModel.swift in Sources */ = {isa = PBXBuildFile; fileRef = D63E0C4D2C331F67008D8E34 /* FeaturedPlaylistCellViewModel.swift */; };
		D63E0C532C332348008D8E34 /* FeaturedPlaylistCollectionViewCell.swift in Sources */ = {isa = PBXBuildFile; fileRef = D63E0C522C332348008D8E34 /* FeaturedPlaylistCollectionViewCell.swift */; };
		D63E0C552C3323E6008D8E34 /* NewReleaseCollectionViewCell.swift in Sources */ = {isa = PBXBuildFile; fileRef = D63E0C542C3323E6008D8E34 /* NewReleaseCollectionViewCell.swift */; };
		D63E0C572C33249C008D8E34 /* RecommendedTrackCollectionViewCell.swift in Sources */ = {isa = PBXBuildFile; fileRef = D63E0C562C33249C008D8E34 /* RecommendedTrackCollectionViewCell.swift */; };
		D63F03432C69730F00432DC7 /* PlaylistHeaderCollectionReusableView.swift in Sources */ = {isa = PBXBuildFile; fileRef = D63F03422C69730F00432DC7 /* PlaylistHeaderCollectionReusableView.swift */; };
		D63F03452C6973FA00432DC7 /* PlaylistHeaderViewViewModel.swift in Sources */ = {isa = PBXBuildFile; fileRef = D63F03442C6973FA00432DC7 /* PlaylistHeaderViewViewModel.swift */; };
		D63F03482C69753200432DC7 /* PlaybackPresenter.swift in Sources */ = {isa = PBXBuildFile; fileRef = D63F03472C69753200432DC7 /* PlaybackPresenter.swift */; };
		D63F034A2C698F2700432DC7 /* TitleHeaderCollectionReusableView.swift in Sources */ = {isa = PBXBuildFile; fileRef = D63F03492C698F2700432DC7 /* TitleHeaderCollectionReusableView.swift */; };
		D63F034C2C6993A400432DC7 /* AlbumCollectionViewCellViewModel.swift in Sources */ = {isa = PBXBuildFile; fileRef = D63F034B2C6993A400432DC7 /* AlbumCollectionViewCellViewModel.swift */; };
		D63F034E2C69950800432DC7 /* AlbumTrackCollectionViewCell.swift in Sources */ = {isa = PBXBuildFile; fileRef = D63F034D2C69950800432DC7 /* AlbumTrackCollectionViewCell.swift */; };
		D6857BF72C3B9D6E00BB1CA9 /* AlbumViewController.swift in Sources */ = {isa = PBXBuildFile; fileRef = D6857BF62C3B9D6E00BB1CA9 /* AlbumViewController.swift */; };
		D6857BF92C3BA0F900BB1CA9 /* AlbumDetailsResponse.swift in Sources */ = {isa = PBXBuildFile; fileRef = D6857BF82C3BA0F900BB1CA9 /* AlbumDetailsResponse.swift */; };
		D6857BFB2C3BA53800BB1CA9 /* PlaylistDetailsResponse.swift in Sources */ = {isa = PBXBuildFile; fileRef = D6857BFA2C3BA53800BB1CA9 /* PlaylistDetailsResponse.swift */; };
		D6B981A52C1E921D008D1377 /* SettingsModels.swift in Sources */ = {isa = PBXBuildFile; fileRef = D6B981A42C1E921D008D1377 /* SettingsModels.swift */; };
		D6EFAAA52C0AC93000E6570B /* TabBarViewController.swift in Sources */ = {isa = PBXBuildFile; fileRef = D6EFAAA42C0AC93000E6570B /* TabBarViewController.swift */; };
		D6EFAAA92C0AC98D00E6570B /* LibraryViewController.swift in Sources */ = {isa = PBXBuildFile; fileRef = D6EFAAA82C0AC98D00E6570B /* LibraryViewController.swift */; };
		D6EFAAAD2C0AC9C000E6570B /* AuthViewController.swift in Sources */ = {isa = PBXBuildFile; fileRef = D6EFAAAC2C0AC9C000E6570B /* AuthViewController.swift */; };
		D6EFAAAF2C0AC9CF00E6570B /* WelcomeViewController.swift in Sources */ = {isa = PBXBuildFile; fileRef = D6EFAAAE2C0AC9CF00E6570B /* WelcomeViewController.swift */; };
		D6EFAAB32C0AC9E500E6570B /* ProfileViewController.swift in Sources */ = {isa = PBXBuildFile; fileRef = D6EFAAB22C0AC9E500E6570B /* ProfileViewController.swift */; };
		D6EFAAB52C0AC9EF00E6570B /* PlayerViewController.swift in Sources */ = {isa = PBXBuildFile; fileRef = D6EFAAB42C0AC9EF00E6570B /* PlayerViewController.swift */; };
		D6EFAAB72C0AC9FC00E6570B /* PlaylistViewController.swift in Sources */ = {isa = PBXBuildFile; fileRef = D6EFAAB62C0AC9FC00E6570B /* PlaylistViewController.swift */; };
		D6EFAABB2C0ACA2F00E6570B /* AuthManager.swift in Sources */ = {isa = PBXBuildFile; fileRef = D6EFAABA2C0ACA2F00E6570B /* AuthManager.swift */; };
		D6EFAABD2C0ACA3C00E6570B /* APICaller.swift in Sources */ = {isa = PBXBuildFile; fileRef = D6EFAABC2C0ACA3C00E6570B /* APICaller.swift */; };
		D6EFAABF2C0ACA4D00E6570B /* HapticsManager.swift in Sources */ = {isa = PBXBuildFile; fileRef = D6EFAABE2C0ACA4D00E6570B /* HapticsManager.swift */; };
		D6EFAAC12C0ACA6100E6570B /* Playlist.swift in Sources */ = {isa = PBXBuildFile; fileRef = D6EFAAC02C0ACA6100E6570B /* Playlist.swift */; };
		D6EFAAC32C0ACA6B00E6570B /* AudioTrack.swift in Sources */ = {isa = PBXBuildFile; fileRef = D6EFAAC22C0ACA6B00E6570B /* AudioTrack.swift */; };
		D6EFAAC52C0ACA7900E6570B /* Artist.swift in Sources */ = {isa = PBXBuildFile; fileRef = D6EFAAC42C0ACA7900E6570B /* Artist.swift */; };
		D6EFAAC72C0ACA8200E6570B /* UserProfile.swift in Sources */ = {isa = PBXBuildFile; fileRef = D6EFAAC62C0ACA8200E6570B /* UserProfile.swift */; };
		D6EFAAC92C0AD86000E6570B /* README.md in Resources */ = {isa = PBXBuildFile; fileRef = D6EFAAC82C0AD86000E6570B /* README.md */; };
		D6EFAACB2C0BC74C00E6570B /* Extensions.swift in Sources */ = {isa = PBXBuildFile; fileRef = D6EFAACA2C0BC74C00E6570B /* Extensions.swift */; };
		D6EFAACD2C0D2B6E00E6570B /* AuthResponse.swift in Sources */ = {isa = PBXBuildFile; fileRef = D6EFAACC2C0D2B6E00E6570B /* AuthResponse.swift */; };
		D6FA6B3E2C715A8500101E55 /* SearchViewController.swift in Sources */ = {isa = PBXBuildFile; fileRef = D6FA6B3D2C715A8500101E55 /* SearchViewController.swift */; };
		D6FA6B402C715C8600101E55 /* SearchResultsViewController.swift in Sources */ = {isa = PBXBuildFile; fileRef = D6FA6B3F2C715C8600101E55 /* SearchResultsViewController.swift */; };
		D6FA6B442C715E9300101E55 /* CategoryCollectionViewCell.swift in Sources */ = {isa = PBXBuildFile; fileRef = D6FA6B432C715E9300101E55 /* CategoryCollectionViewCell.swift */; };
		D6FA6B462C715FCD00101E55 /* AllCategoriesResponse.swift in Sources */ = {isa = PBXBuildFile; fileRef = D6FA6B452C715FCD00101E55 /* AllCategoriesResponse.swift */; };
		D6FA6B482C71604100101E55 /* SearchResult.swift in Sources */ = {isa = PBXBuildFile; fileRef = D6FA6B472C71604100101E55 /* SearchResult.swift */; };
		D6FA6B4A2C71610600101E55 /* SearchResultResponse.swift in Sources */ = {isa = PBXBuildFile; fileRef = D6FA6B492C71610600101E55 /* SearchResultResponse.swift */; };
		D6FA6B4C2C71625200101E55 /* SearchResultDefaultTableViewCellViewModel.swift in Sources */ = {isa = PBXBuildFile; fileRef = D6FA6B4B2C71625200101E55 /* SearchResultDefaultTableViewCellViewModel.swift */; };
		D6FA6B502C7162BB00101E55 /* SearchResultDefaultTableViewCell.swift in Sources */ = {isa = PBXBuildFile; fileRef = D6FA6B4F2C7162BB00101E55 /* SearchResultDefaultTableViewCell.swift */; };
		D6FA6B522C7162ED00101E55 /* SearchResultSubtitleTableViewCell.swift in Sources */ = {isa = PBXBuildFile; fileRef = D6FA6B512C7162ED00101E55 /* SearchResultSubtitleTableViewCell.swift */; };
		D6FA6B542C71631B00101E55 /* SearchResultSubtitleTableViewCellViewModel.swift in Sources */ = {isa = PBXBuildFile; fileRef = D6FA6B532C71631B00101E55 /* SearchResultSubtitleTableViewCellViewModel.swift */; };
		D6FA6B562C7164DB00101E55 /* CategoryCollectionViewCellViewModel.swift in Sources */ = {isa = PBXBuildFile; fileRef = D6FA6B552C7164DB00101E55 /* CategoryCollectionViewCellViewModel.swift */; };
		D6FA6B582C71716200101E55 /* CategoryViewController.swift in Sources */ = {isa = PBXBuildFile; fileRef = D6FA6B572C71716200101E55 /* CategoryViewController.swift */; };
/* End PBXBuildFile section */

/* Begin PBXFileReference section */
		488CCA15AC7C03AE722D96C1 /* Pods_Spotify.framework */ = {isa = PBXFileReference; explicitFileType = wrapper.framework; includeInIndex = 0; path = Pods_Spotify.framework; sourceTree = BUILT_PRODUCTS_DIR; };
		6EDCEE701559AE0D9486631D /* Pods-Spotify.debug.xcconfig */ = {isa = PBXFileReference; includeInIndex = 1; lastKnownFileType = text.xcconfig; name = "Pods-Spotify.debug.xcconfig"; path = "Target Support Files/Pods-Spotify/Pods-Spotify.debug.xcconfig"; sourceTree = "<group>"; };
		D605140C2C2A3BA400E9486F /* NewReleasesResponse.swift */ = {isa = PBXFileReference; lastKnownFileType = sourcecode.swift; path = NewReleasesResponse.swift; sourceTree = "<group>"; };
		D605140E2C2A3BD100E9486F /* APIImage.swift */ = {isa = PBXFileReference; lastKnownFileType = sourcecode.swift; path = APIImage.swift; sourceTree = "<group>"; };
		D60514102C2A3DDC00E9486F /* FeaturedPlaylistsResponse.swift */ = {isa = PBXFileReference; lastKnownFileType = sourcecode.swift; path = FeaturedPlaylistsResponse.swift; sourceTree = "<group>"; };
		D60514122C2A3FEA00E9486F /* RecommendationsResponse.swift */ = {isa = PBXFileReference; lastKnownFileType = sourcecode.swift; path = RecommendationsResponse.swift; sourceTree = "<group>"; };
		D60514142C2A40F000E9486F /* RecommendedGenresResponse.swift */ = {isa = PBXFileReference; lastKnownFileType = sourcecode.swift; path = RecommendedGenresResponse.swift; sourceTree = "<group>"; };
		D60C49832C72EEF500F241D0 /* PlayerControlsView.swift */ = {isa = PBXFileReference; lastKnownFileType = sourcecode.swift; path = PlayerControlsView.swift; sourceTree = "<group>"; };
		D60C49852C72EF4600F241D0 /* PlayerControlsViewViewModel.swift */ = {isa = PBXFileReference; lastKnownFileType = sourcecode.swift; path = PlayerControlsViewViewModel.swift; sourceTree = "<group>"; };
		D61135932C0AA6B40069131F /* Spotify.app */ = {isa = PBXFileReference; explicitFileType = wrapper.application; includeInIndex = 0; path = Spotify.app; sourceTree = BUILT_PRODUCTS_DIR; };
		D61135962C0AA6B40069131F /* AppDelegate.swift */ = {isa = PBXFileReference; lastKnownFileType = sourcecode.swift; path = AppDelegate.swift; sourceTree = "<group>"; };
		D61135982C0AA6B40069131F /* SceneDelegate.swift */ = {isa = PBXFileReference; lastKnownFileType = sourcecode.swift; path = SceneDelegate.swift; sourceTree = "<group>"; };
		D611359A2C0AA6B40069131F /* HomeViewController.swift */ = {isa = PBXFileReference; lastKnownFileType = sourcecode.swift; path = HomeViewController.swift; sourceTree = "<group>"; };
		D611359F2C0AA6B50069131F /* Assets.xcassets */ = {isa = PBXFileReference; lastKnownFileType = folder.assetcatalog; path = Assets.xcassets; sourceTree = "<group>"; };
		D61135A22C0AA6B50069131F /* Base */ = {isa = PBXFileReference; lastKnownFileType = file.storyboard; name = Base; path = Base.lproj/LaunchScreen.storyboard; sourceTree = "<group>"; };
		D61135A42C0AA6B50069131F /* Info.plist */ = {isa = PBXFileReference; lastKnownFileType = text.plist.xml; path = Info.plist; sourceTree = "<group>"; };
		D612B99B2C7AAB0900A4A1C8 /* LibraryPlaylistsViewController.swift */ = {isa = PBXFileReference; lastKnownFileType = sourcecode.swift; path = LibraryPlaylistsViewController.swift; sourceTree = "<group>"; };
		D612B99D2C7AAC0C00A4A1C8 /* ActionLabelView.swift */ = {isa = PBXFileReference; lastKnownFileType = sourcecode.swift; path = ActionLabelView.swift; sourceTree = "<group>"; };
		D612B99F2C7AADF800A4A1C8 /* LibraryPlaylistsResponse.swift */ = {isa = PBXFileReference; lastKnownFileType = sourcecode.swift; path = LibraryPlaylistsResponse.swift; sourceTree = "<group>"; };
		D612B9A12C7AAF1700A4A1C8 /* LibraryAlbumsViewController.swift */ = {isa = PBXFileReference; lastKnownFileType = sourcecode.swift; path = LibraryAlbumsViewController.swift; sourceTree = "<group>"; };
		D612B9A32C7AAFE400A4A1C8 /* LibraryAlbumsResponse.swift */ = {isa = PBXFileReference; lastKnownFileType = sourcecode.swift; path = LibraryAlbumsResponse.swift; sourceTree = "<group>"; };
		D612B9A52C7AB03E00A4A1C8 /* LibraryToggleView.swift */ = {isa = PBXFileReference; lastKnownFileType = sourcecode.swift; path = LibraryToggleView.swift; sourceTree = "<group>"; };
		D612B9A72C7AE4BB00A4A1C8 /* SettingsViewController.swift */ = {isa = PBXFileReference; lastKnownFileType = sourcecode.swift; path = SettingsViewController.swift; sourceTree = "<group>"; };
		D612B9AA2C7AF2C000A4A1C8 /* Playlist.png */ = {isa = PBXFileReference; lastKnownFileType = image.png; name = Playlist.png; path = ../../../../Playlist.png; sourceTree = "<group>"; };
		D612B9AB2C7AF2C000A4A1C8 /* Search Result.png */ = {isa = PBXFileReference; lastKnownFileType = image.png; name = "Search Result.png"; path = "../../../../Search Result.png"; sourceTree = "<group>"; };
		D612B9AC2C7AF2C000A4A1C8 /* Browse.png */ = {isa = PBXFileReference; lastKnownFileType = image.png; name = Browse.png; path = ../../../../Browse.png; sourceTree = "<group>"; };
		D612B9AD2C7AF2C000A4A1C8 /* Welcome.png */ = {isa = PBXFileReference; lastKnownFileType = image.png; name = Welcome.png; path = ../../../../Welcome.png; sourceTree = "<group>"; };
		D612B9AE2C7AF2C000A4A1C8 /* Sign In.png */ = {isa = PBXFileReference; lastKnownFileType = image.png; name = "Sign In.png"; path = "../../../../Sign In.png"; sourceTree = "<group>"; };
		D612B9AF2C7AF2C000A4A1C8 /* Search.png */ = {isa = PBXFileReference; lastKnownFileType = image.png; name = Search.png; path = ../../../../Search.png; sourceTree = "<group>"; };
		D612B9B02C7AF2C000A4A1C8 /* Album.png */ = {isa = PBXFileReference; lastKnownFileType = image.png; name = Album.png; path = ../../../../Album.png; sourceTree = "<group>"; };
		D63E0C492C331EF6008D8E34 /* NewReleasesCellViewModel.swift */ = {isa = PBXFileReference; lastKnownFileType = sourcecode.swift; path = NewReleasesCellViewModel.swift; sourceTree = "<group>"; };
		D63E0C4B2C331F46008D8E34 /* RecommendedTrackCellViewModel.swift */ = {isa = PBXFileReference; lastKnownFileType = sourcecode.swift; path = RecommendedTrackCellViewModel.swift; sourceTree = "<group>"; };
		D63E0C4D2C331F67008D8E34 /* FeaturedPlaylistCellViewModel.swift */ = {isa = PBXFileReference; lastKnownFileType = sourcecode.swift; path = FeaturedPlaylistCellViewModel.swift; sourceTree = "<group>"; };
		D63E0C522C332348008D8E34 /* FeaturedPlaylistCollectionViewCell.swift */ = {isa = PBXFileReference; lastKnownFileType = sourcecode.swift; path = FeaturedPlaylistCollectionViewCell.swift; sourceTree = "<group>"; };
		D63E0C542C3323E6008D8E34 /* NewReleaseCollectionViewCell.swift */ = {isa = PBXFileReference; lastKnownFileType = sourcecode.swift; path = NewReleaseCollectionViewCell.swift; sourceTree = "<group>"; };
		D63E0C562C33249C008D8E34 /* RecommendedTrackCollectionViewCell.swift */ = {isa = PBXFileReference; lastKnownFileType = sourcecode.swift; path = RecommendedTrackCollectionViewCell.swift; sourceTree = "<group>"; };
		D63F03422C69730F00432DC7 /* PlaylistHeaderCollectionReusableView.swift */ = {isa = PBXFileReference; lastKnownFileType = sourcecode.swift; path = PlaylistHeaderCollectionReusableView.swift; sourceTree = "<group>"; };
		D63F03442C6973FA00432DC7 /* PlaylistHeaderViewViewModel.swift */ = {isa = PBXFileReference; lastKnownFileType = sourcecode.swift; path = PlaylistHeaderViewViewModel.swift; sourceTree = "<group>"; };
		D63F03472C69753200432DC7 /* PlaybackPresenter.swift */ = {isa = PBXFileReference; lastKnownFileType = sourcecode.swift; path = PlaybackPresenter.swift; sourceTree = "<group>"; };
		D63F03492C698F2700432DC7 /* TitleHeaderCollectionReusableView.swift */ = {isa = PBXFileReference; lastKnownFileType = sourcecode.swift; path = TitleHeaderCollectionReusableView.swift; sourceTree = "<group>"; };
		D63F034B2C6993A400432DC7 /* AlbumCollectionViewCellViewModel.swift */ = {isa = PBXFileReference; lastKnownFileType = sourcecode.swift; path = AlbumCollectionViewCellViewModel.swift; sourceTree = "<group>"; };
		D63F034D2C69950800432DC7 /* AlbumTrackCollectionViewCell.swift */ = {isa = PBXFileReference; lastKnownFileType = sourcecode.swift; path = AlbumTrackCollectionViewCell.swift; sourceTree = "<group>"; };
		D6857BF62C3B9D6E00BB1CA9 /* AlbumViewController.swift */ = {isa = PBXFileReference; lastKnownFileType = sourcecode.swift; path = AlbumViewController.swift; sourceTree = "<group>"; };
		D6857BF82C3BA0F900BB1CA9 /* AlbumDetailsResponse.swift */ = {isa = PBXFileReference; lastKnownFileType = sourcecode.swift; path = AlbumDetailsResponse.swift; sourceTree = "<group>"; };
		D6857BFA2C3BA53800BB1CA9 /* PlaylistDetailsResponse.swift */ = {isa = PBXFileReference; lastKnownFileType = sourcecode.swift; path = PlaylistDetailsResponse.swift; sourceTree = "<group>"; };
		D6B981A42C1E921D008D1377 /* SettingsModels.swift */ = {isa = PBXFileReference; lastKnownFileType = sourcecode.swift; path = SettingsModels.swift; sourceTree = "<group>"; };
		D6EFAAA42C0AC93000E6570B /* TabBarViewController.swift */ = {isa = PBXFileReference; lastKnownFileType = sourcecode.swift; path = TabBarViewController.swift; sourceTree = "<group>"; };
		D6EFAAA82C0AC98D00E6570B /* LibraryViewController.swift */ = {isa = PBXFileReference; lastKnownFileType = sourcecode.swift; path = LibraryViewController.swift; sourceTree = "<group>"; };
		D6EFAAAC2C0AC9C000E6570B /* AuthViewController.swift */ = {isa = PBXFileReference; lastKnownFileType = sourcecode.swift; path = AuthViewController.swift; sourceTree = "<group>"; };
		D6EFAAAE2C0AC9CF00E6570B /* WelcomeViewController.swift */ = {isa = PBXFileReference; lastKnownFileType = sourcecode.swift; path = WelcomeViewController.swift; sourceTree = "<group>"; };
		D6EFAAB22C0AC9E500E6570B /* ProfileViewController.swift */ = {isa = PBXFileReference; lastKnownFileType = sourcecode.swift; path = ProfileViewController.swift; sourceTree = "<group>"; };
		D6EFAAB42C0AC9EF00E6570B /* PlayerViewController.swift */ = {isa = PBXFileReference; lastKnownFileType = sourcecode.swift; path = PlayerViewController.swift; sourceTree = "<group>"; };
		D6EFAAB62C0AC9FC00E6570B /* PlaylistViewController.swift */ = {isa = PBXFileReference; lastKnownFileType = sourcecode.swift; path = PlaylistViewController.swift; sourceTree = "<group>"; };
		D6EFAABA2C0ACA2F00E6570B /* AuthManager.swift */ = {isa = PBXFileReference; lastKnownFileType = sourcecode.swift; path = AuthManager.swift; sourceTree = "<group>"; };
		D6EFAABC2C0ACA3C00E6570B /* APICaller.swift */ = {isa = PBXFileReference; lastKnownFileType = sourcecode.swift; path = APICaller.swift; sourceTree = "<group>"; };
		D6EFAABE2C0ACA4D00E6570B /* HapticsManager.swift */ = {isa = PBXFileReference; lastKnownFileType = sourcecode.swift; path = HapticsManager.swift; sourceTree = "<group>"; };
		D6EFAAC02C0ACA6100E6570B /* Playlist.swift */ = {isa = PBXFileReference; lastKnownFileType = sourcecode.swift; path = Playlist.swift; sourceTree = "<group>"; };
		D6EFAAC22C0ACA6B00E6570B /* AudioTrack.swift */ = {isa = PBXFileReference; lastKnownFileType = sourcecode.swift; path = AudioTrack.swift; sourceTree = "<group>"; };
		D6EFAAC42C0ACA7900E6570B /* Artist.swift */ = {isa = PBXFileReference; lastKnownFileType = sourcecode.swift; path = Artist.swift; sourceTree = "<group>"; };
		D6EFAAC62C0ACA8200E6570B /* UserProfile.swift */ = {isa = PBXFileReference; lastKnownFileType = sourcecode.swift; path = UserProfile.swift; sourceTree = "<group>"; };
		D6EFAAC82C0AD86000E6570B /* README.md */ = {isa = PBXFileReference; lastKnownFileType = net.daringfireball.markdown; path = README.md; sourceTree = "<group>"; };
		D6EFAACA2C0BC74C00E6570B /* Extensions.swift */ = {isa = PBXFileReference; lastKnownFileType = sourcecode.swift; path = Extensions.swift; sourceTree = "<group>"; };
		D6EFAACC2C0D2B6E00E6570B /* AuthResponse.swift */ = {isa = PBXFileReference; lastKnownFileType = sourcecode.swift; path = AuthResponse.swift; sourceTree = "<group>"; };
		D6FA6B3D2C715A8500101E55 /* SearchViewController.swift */ = {isa = PBXFileReference; lastKnownFileType = sourcecode.swift; path = SearchViewController.swift; sourceTree = "<group>"; };
		D6FA6B3F2C715C8600101E55 /* SearchResultsViewController.swift */ = {isa = PBXFileReference; lastKnownFileType = sourcecode.swift; path = SearchResultsViewController.swift; sourceTree = "<group>"; };
		D6FA6B432C715E9300101E55 /* CategoryCollectionViewCell.swift */ = {isa = PBXFileReference; lastKnownFileType = sourcecode.swift; path = CategoryCollectionViewCell.swift; sourceTree = "<group>"; };
		D6FA6B452C715FCD00101E55 /* AllCategoriesResponse.swift */ = {isa = PBXFileReference; lastKnownFileType = sourcecode.swift; path = AllCategoriesResponse.swift; sourceTree = "<group>"; };
		D6FA6B472C71604100101E55 /* SearchResult.swift */ = {isa = PBXFileReference; lastKnownFileType = sourcecode.swift; path = SearchResult.swift; sourceTree = "<group>"; };
		D6FA6B492C71610600101E55 /* SearchResultResponse.swift */ = {isa = PBXFileReference; lastKnownFileType = sourcecode.swift; path = SearchResultResponse.swift; sourceTree = "<group>"; };
		D6FA6B4B2C71625200101E55 /* SearchResultDefaultTableViewCellViewModel.swift */ = {isa = PBXFileReference; lastKnownFileType = sourcecode.swift; path = SearchResultDefaultTableViewCellViewModel.swift; sourceTree = "<group>"; };
		D6FA6B4F2C7162BB00101E55 /* SearchResultDefaultTableViewCell.swift */ = {isa = PBXFileReference; lastKnownFileType = sourcecode.swift; path = SearchResultDefaultTableViewCell.swift; sourceTree = "<group>"; };
		D6FA6B512C7162ED00101E55 /* SearchResultSubtitleTableViewCell.swift */ = {isa = PBXFileReference; lastKnownFileType = sourcecode.swift; path = SearchResultSubtitleTableViewCell.swift; sourceTree = "<group>"; };
		D6FA6B532C71631B00101E55 /* SearchResultSubtitleTableViewCellViewModel.swift */ = {isa = PBXFileReference; lastKnownFileType = sourcecode.swift; path = SearchResultSubtitleTableViewCellViewModel.swift; sourceTree = "<group>"; };
		D6FA6B552C7164DB00101E55 /* CategoryCollectionViewCellViewModel.swift */ = {isa = PBXFileReference; lastKnownFileType = sourcecode.swift; path = CategoryCollectionViewCellViewModel.swift; sourceTree = "<group>"; };
		D6FA6B572C71716200101E55 /* CategoryViewController.swift */ = {isa = PBXFileReference; lastKnownFileType = sourcecode.swift; path = CategoryViewController.swift; sourceTree = "<group>"; };
		E3C426450637AADEF27C7B08 /* Pods-Spotify.release.xcconfig */ = {isa = PBXFileReference; includeInIndex = 1; lastKnownFileType = text.xcconfig; name = "Pods-Spotify.release.xcconfig"; path = "Target Support Files/Pods-Spotify/Pods-Spotify.release.xcconfig"; sourceTree = "<group>"; };
/* End PBXFileReference section */

/* Begin PBXFrameworksBuildPhase section */
		D61135902C0AA6B40069131F /* Frameworks */ = {
			isa = PBXFrameworksBuildPhase;
			buildActionMask = 2147483647;
			files = (
				19594FE19C69A6D4F8F866BC /* Pods_Spotify.framework in Frameworks */,
			);
			runOnlyForDeploymentPostprocessing = 0;
		};
/* End PBXFrameworksBuildPhase section */

/* Begin PBXGroup section */
		24A7B8CF8110F7505A709311 /* Frameworks */ = {
			isa = PBXGroup;
			children = (
				488CCA15AC7C03AE722D96C1 /* Pods_Spotify.framework */,
			);
			name = Frameworks;
			sourceTree = "<group>";
		};
		39200A00EAA3928E68B30413 /* Pods */ = {
			isa = PBXGroup;
			children = (
				6EDCEE701559AE0D9486631D /* Pods-Spotify.debug.xcconfig */,
				E3C426450637AADEF27C7B08 /* Pods-Spotify.release.xcconfig */,
			);
			path = Pods;
			sourceTree = "<group>";
		};
		D611358A2C0AA6B40069131F = {
			isa = PBXGroup;
			children = (
				D612B9A92C7AF23D00A4A1C8 /* Visualizations */,
				D61135952C0AA6B40069131F /* Spotify */,
				D61135942C0AA6B40069131F /* Products */,
				39200A00EAA3928E68B30413 /* Pods */,
				24A7B8CF8110F7505A709311 /* Frameworks */,
				D6EFAAC82C0AD86000E6570B /* README.md */,
			);
			sourceTree = "<group>";
		};
		D61135942C0AA6B40069131F /* Products */ = {
			isa = PBXGroup;
			children = (
				D61135932C0AA6B40069131F /* Spotify.app */,
			);
			name = Products;
			sourceTree = "<group>";
		};
		D61135952C0AA6B40069131F /* Spotify */ = {
			isa = PBXGroup;
			children = (
				D61135AB2C0AA7C00069131F /* Controllers */,
				D61135AE2C0AA80C0069131F /* Managers */,
				D61135AC2C0AA7C80069131F /* Models */,
				D63F03462C69751100432DC7 /* Presenter */,
				D61135AF2C0AA8110069131F /* Resources */,
				D61135AA2C0AA7BC0069131F /* Views */,
				D61135AD2C0AA7D00069131F /* ViewModels */,
				D61135A42C0AA6B50069131F /* Info.plist */,
			);
			path = Spotify;
			sourceTree = "<group>";
		};
		D61135AA2C0AA7BC0069131F /* Views */ = {
			isa = PBXGroup;
			children = (
				D63E0C4F2C3322E4008D8E34 /* Browse */,
				D6FA6B4E2C71629F00101E55 /* SearchResultCells */,
				D612B99D2C7AAC0C00A4A1C8 /* ActionLabelView.swift */,
				D63F034D2C69950800432DC7 /* AlbumTrackCollectionViewCell.swift */,
				D6FA6B432C715E9300101E55 /* CategoryCollectionViewCell.swift */,
				D612B9A52C7AB03E00A4A1C8 /* LibraryToggleView.swift */,
				D60C49832C72EEF500F241D0 /* PlayerControlsView.swift */,
				D63F03422C69730F00432DC7 /* PlaylistHeaderCollectionReusableView.swift */,
				D63F03492C698F2700432DC7 /* TitleHeaderCollectionReusableView.swift */,
				D61135A12C0AA6B50069131F /* LaunchScreen.storyboard */,
			);
			path = Views;
			sourceTree = "<group>";
		};
		D61135AB2C0AA7C00069131F /* Controllers */ = {
			isa = PBXGroup;
			children = (
				D6EFAAAA2C0AC99B00E6570B /* Core */,
				D6EFAAAB2C0AC9AA00E6570B /* Other */,
			);
			path = Controllers;
			sourceTree = "<group>";
		};
		D61135AC2C0AA7C80069131F /* Models */ = {
			isa = PBXGroup;
			children = (
				D6857BF82C3BA0F900BB1CA9 /* AlbumDetailsResponse.swift */,
				D6FA6B452C715FCD00101E55 /* AllCategoriesResponse.swift */,
				D605140E2C2A3BD100E9486F /* APIImage.swift */,
				D6EFAAC42C0ACA7900E6570B /* Artist.swift */,
				D6EFAAC22C0ACA6B00E6570B /* AudioTrack.swift */,
				D6EFAACC2C0D2B6E00E6570B /* AuthResponse.swift */,
				D60514102C2A3DDC00E9486F /* FeaturedPlaylistsResponse.swift */,
				D612B9A32C7AAFE400A4A1C8 /* LibraryAlbumsResponse.swift */,
				D612B99F2C7AADF800A4A1C8 /* LibraryPlaylistsResponse.swift */,
				D605140C2C2A3BA400E9486F /* NewReleasesResponse.swift */,
				D6EFAAC02C0ACA6100E6570B /* Playlist.swift */,
				D6857BFA2C3BA53800BB1CA9 /* PlaylistDetailsResponse.swift */,
				D60514122C2A3FEA00E9486F /* RecommendationsResponse.swift */,
				D60514142C2A40F000E9486F /* RecommendedGenresResponse.swift */,
				D6FA6B472C71604100101E55 /* SearchResult.swift */,
				D6FA6B492C71610600101E55 /* SearchResultResponse.swift */,
				D6B981A42C1E921D008D1377 /* SettingsModels.swift */,
				D6EFAAC62C0ACA8200E6570B /* UserProfile.swift */,
			);
			path = Models;
			sourceTree = "<group>";
		};
		D61135AD2C0AA7D00069131F /* ViewModels */ = {
			isa = PBXGroup;
			children = (
				D63F034B2C6993A400432DC7 /* AlbumCollectionViewCellViewModel.swift */,
				D6FA6B552C7164DB00101E55 /* CategoryCollectionViewCellViewModel.swift */,
				D63E0C4D2C331F67008D8E34 /* FeaturedPlaylistCellViewModel.swift */,
				D63E0C492C331EF6008D8E34 /* NewReleasesCellViewModel.swift */,
				D63F03442C6973FA00432DC7 /* PlaylistHeaderViewViewModel.swift */,
				D63E0C4B2C331F46008D8E34 /* RecommendedTrackCellViewModel.swift */,
				D6FA6B4B2C71625200101E55 /* SearchResultDefaultTableViewCellViewModel.swift */,
				D6FA6B532C71631B00101E55 /* SearchResultSubtitleTableViewCellViewModel.swift */,
				D60C49852C72EF4600F241D0 /* PlayerControlsViewViewModel.swift */,
			);
			path = ViewModels;
			sourceTree = "<group>";
		};
		D61135AE2C0AA80C0069131F /* Managers */ = {
			isa = PBXGroup;
			children = (
				D6EFAABA2C0ACA2F00E6570B /* AuthManager.swift */,
				D6EFAABC2C0ACA3C00E6570B /* APICaller.swift */,
				D6EFAABE2C0ACA4D00E6570B /* HapticsManager.swift */,
			);
			path = Managers;
			sourceTree = "<group>";
		};
		D61135AF2C0AA8110069131F /* Resources */ = {
			isa = PBXGroup;
			children = (
				D611359F2C0AA6B50069131F /* Assets.xcassets */,
				D61135962C0AA6B40069131F /* AppDelegate.swift */,
				D6EFAACA2C0BC74C00E6570B /* Extensions.swift */,
				D61135982C0AA6B40069131F /* SceneDelegate.swift */,
			);
			path = Resources;
			sourceTree = "<group>";
		};
		D612B99A2C7AAAFA00A4A1C8 /* Library */ = {
			isa = PBXGroup;
			children = (
				D612B99B2C7AAB0900A4A1C8 /* LibraryPlaylistsViewController.swift */,
				D612B9A12C7AAF1700A4A1C8 /* LibraryAlbumsViewController.swift */,
			);
			path = Library;
			sourceTree = "<group>";
		};
		D612B9A92C7AF23D00A4A1C8 /* Visualizations */ = {
			isa = PBXGroup;
			children = (
				D612B9B02C7AF2C000A4A1C8 /* Album.png */,
				D612B9AC2C7AF2C000A4A1C8 /* Browse.png */,
				D612B9AA2C7AF2C000A4A1C8 /* Playlist.png */,
				D612B9AB2C7AF2C000A4A1C8 /* Search Result.png */,
				D612B9AF2C7AF2C000A4A1C8 /* Search.png */,
				D612B9AE2C7AF2C000A4A1C8 /* Sign In.png */,
				D612B9AD2C7AF2C000A4A1C8 /* Welcome.png */,
			);
			path = Visualizations;
			sourceTree = "<group>";
		};
		D63E0C4F2C3322E4008D8E34 /* Browse */ = {
			isa = PBXGroup;
			children = (
				D63E0C522C332348008D8E34 /* FeaturedPlaylistCollectionViewCell.swift */,
				D63E0C542C3323E6008D8E34 /* NewReleaseCollectionViewCell.swift */,
				D63E0C562C33249C008D8E34 /* RecommendedTrackCollectionViewCell.swift */,
			);
			path = Browse;
			sourceTree = "<group>";
		};
		D63F03462C69751100432DC7 /* Presenter */ = {
			isa = PBXGroup;
			children = (
				D63F03472C69753200432DC7 /* PlaybackPresenter.swift */,
			);
			path = Presenter;
			sourceTree = "<group>";
		};
		D6EFAAAA2C0AC99B00E6570B /* Core */ = {
			isa = PBXGroup;
			children = (
				D611359A2C0AA6B40069131F /* HomeViewController.swift */,
				D6EFAAA82C0AC98D00E6570B /* LibraryViewController.swift */,
				D6EFAAA42C0AC93000E6570B /* TabBarViewController.swift */,
				D6FA6B3D2C715A8500101E55 /* SearchViewController.swift */,
			);
			path = Core;
			sourceTree = "<group>";
		};
		D6EFAAAB2C0AC9AA00E6570B /* Other */ = {
			isa = PBXGroup;
			children = (
				D612B99A2C7AAAFA00A4A1C8 /* Library */,
				D6857BF62C3B9D6E00BB1CA9 /* AlbumViewController.swift */,
				D6EFAAAC2C0AC9C000E6570B /* AuthViewController.swift */,
				D6FA6B572C71716200101E55 /* CategoryViewController.swift */,
				D6EFAAAE2C0AC9CF00E6570B /* WelcomeViewController.swift */,
				D6EFAAB22C0AC9E500E6570B /* ProfileViewController.swift */,
				D6EFAAB42C0AC9EF00E6570B /* PlayerViewController.swift */,
				D6EFAAB62C0AC9FC00E6570B /* PlaylistViewController.swift */,
				D6FA6B3F2C715C8600101E55 /* SearchResultsViewController.swift */,
				D612B9A72C7AE4BB00A4A1C8 /* SettingsViewController.swift */,
			);
			path = Other;
			sourceTree = "<group>";
		};
		D6FA6B4E2C71629F00101E55 /* SearchResultCells */ = {
			isa = PBXGroup;
			children = (
				D6FA6B4F2C7162BB00101E55 /* SearchResultDefaultTableViewCell.swift */,
				D6FA6B512C7162ED00101E55 /* SearchResultSubtitleTableViewCell.swift */,
			);
			path = SearchResultCells;
			sourceTree = "<group>";
		};
/* End PBXGroup section */

/* Begin PBXNativeTarget section */
		D61135922C0AA6B40069131F /* Spotify */ = {
			isa = PBXNativeTarget;
			buildConfigurationList = D61135A72C0AA6B50069131F /* Build configuration list for PBXNativeTarget "Spotify" */;
			buildPhases = (
				1B02803D816D685E5A571D96 /* [CP] Check Pods Manifest.lock */,
				D611358F2C0AA6B40069131F /* Sources */,
				D61135902C0AA6B40069131F /* Frameworks */,
				D61135912C0AA6B40069131F /* Resources */,
				7FC31223B5FA8C3B397FE88C /* [CP] Embed Pods Frameworks */,
			);
			buildRules = (
			);
			dependencies = (
			);
			name = Spotify;
			productName = Spotify;
			productReference = D61135932C0AA6B40069131F /* Spotify.app */;
			productType = "com.apple.product-type.application";
		};
/* End PBXNativeTarget section */

/* Begin PBXProject section */
		D611358B2C0AA6B40069131F /* Project object */ = {
			isa = PBXProject;
			attributes = {
				BuildIndependentTargetsInParallel = 1;
				LastSwiftUpdateCheck = 1540;
				LastUpgradeCheck = 1540;
				TargetAttributes = {
					D61135922C0AA6B40069131F = {
						CreatedOnToolsVersion = 15.4;
					};
				};
			};
			buildConfigurationList = D611358E2C0AA6B40069131F /* Build configuration list for PBXProject "Spotify" */;
			compatibilityVersion = "Xcode 14.0";
			developmentRegion = en;
			hasScannedForEncodings = 0;
			knownRegions = (
				en,
				Base,
			);
			mainGroup = D611358A2C0AA6B40069131F;
			productRefGroup = D61135942C0AA6B40069131F /* Products */;
			projectDirPath = "";
			projectRoot = "";
			targets = (
				D61135922C0AA6B40069131F /* Spotify */,
			);
		};
/* End PBXProject section */

/* Begin PBXResourcesBuildPhase section */
		D61135912C0AA6B40069131F /* Resources */ = {
			isa = PBXResourcesBuildPhase;
			buildActionMask = 2147483647;
			files = (
				D6EFAAC92C0AD86000E6570B /* README.md in Resources */,
				D612B9B72C7AF2C000A4A1C8 /* Album.png in Resources */,
				D612B9B62C7AF2C000A4A1C8 /* Search.png in Resources */,
				D612B9B32C7AF2C000A4A1C8 /* Browse.png in Resources */,
				D612B9B12C7AF2C000A4A1C8 /* Playlist.png in Resources */,
				D612B9B22C7AF2C000A4A1C8 /* Search Result.png in Resources */,
				D61135A02C0AA6B50069131F /* Assets.xcassets in Resources */,
				D612B9B42C7AF2C000A4A1C8 /* Welcome.png in Resources */,
				D612B9B52C7AF2C000A4A1C8 /* Sign In.png in Resources */,
				D61135A32C0AA6B50069131F /* Base in Resources */,
			);
			runOnlyForDeploymentPostprocessing = 0;
		};
/* End PBXResourcesBuildPhase section */

/* Begin PBXShellScriptBuildPhase section */
		1B02803D816D685E5A571D96 /* [CP] Check Pods Manifest.lock */ = {
			isa = PBXShellScriptBuildPhase;
			buildActionMask = 2147483647;
			files = (
			);
			inputFileListPaths = (
			);
			inputPaths = (
				"${PODS_PODFILE_DIR_PATH}/Podfile.lock",
				"${PODS_ROOT}/Manifest.lock",
			);
			name = "[CP] Check Pods Manifest.lock";
			outputFileListPaths = (
			);
			outputPaths = (
				"$(DERIVED_FILE_DIR)/Pods-Spotify-checkManifestLockResult.txt",
			);
			runOnlyForDeploymentPostprocessing = 0;
			shellPath = /bin/sh;
			shellScript = "diff \"${PODS_PODFILE_DIR_PATH}/Podfile.lock\" \"${PODS_ROOT}/Manifest.lock\" > /dev/null\nif [ $? != 0 ] ; then\n    # print error to STDERR\n    echo \"error: The sandbox is not in sync with the Podfile.lock. Run 'pod install' or update your CocoaPods installation.\" >&2\n    exit 1\nfi\n# This output is used by Xcode 'outputs' to avoid re-running this script phase.\necho \"SUCCESS\" > \"${SCRIPT_OUTPUT_FILE_0}\"\n";
			showEnvVarsInLog = 0;
		};
		7FC31223B5FA8C3B397FE88C /* [CP] Embed Pods Frameworks */ = {
			isa = PBXShellScriptBuildPhase;
			buildActionMask = 2147483647;
			files = (
			);
			inputFileListPaths = (
				"${PODS_ROOT}/Target Support Files/Pods-Spotify/Pods-Spotify-frameworks-${CONFIGURATION}-input-files.xcfilelist",
			);
			name = "[CP] Embed Pods Frameworks";
			outputFileListPaths = (
				"${PODS_ROOT}/Target Support Files/Pods-Spotify/Pods-Spotify-frameworks-${CONFIGURATION}-output-files.xcfilelist",
			);
			runOnlyForDeploymentPostprocessing = 0;
			shellPath = /bin/sh;
			shellScript = "\"${PODS_ROOT}/Target Support Files/Pods-Spotify/Pods-Spotify-frameworks.sh\"\n";
			showEnvVarsInLog = 0;
		};
/* End PBXShellScriptBuildPhase section */

/* Begin PBXSourcesBuildPhase section */
		D611358F2C0AA6B40069131F /* Sources */ = {
			isa = PBXSourcesBuildPhase;
			buildActionMask = 2147483647;
			files = (
				D6FA6B502C7162BB00101E55 /* SearchResultDefaultTableViewCell.swift in Sources */,
				D6857BFB2C3BA53800BB1CA9 /* PlaylistDetailsResponse.swift in Sources */,
				D63F034E2C69950800432DC7 /* AlbumTrackCollectionViewCell.swift in Sources */,
				D6EFAAC12C0ACA6100E6570B /* Playlist.swift in Sources */,
				D63E0C4E2C331F67008D8E34 /* FeaturedPlaylistCellViewModel.swift in Sources */,
				D6EFAABB2C0ACA2F00E6570B /* AuthManager.swift in Sources */,
				D63F034C2C6993A400432DC7 /* AlbumCollectionViewCellViewModel.swift in Sources */,
				D6EFAAAF2C0AC9CF00E6570B /* WelcomeViewController.swift in Sources */,
				D60514152C2A40F000E9486F /* RecommendedGenresResponse.swift in Sources */,
				D6857BF72C3B9D6E00BB1CA9 /* AlbumViewController.swift in Sources */,
				D612B9A42C7AAFE400A4A1C8 /* LibraryAlbumsResponse.swift in Sources */,
				D63F03452C6973FA00432DC7 /* PlaylistHeaderViewViewModel.swift in Sources */,
				D605140F2C2A3BD100E9486F /* APIImage.swift in Sources */,
				D6FA6B482C71604100101E55 /* SearchResult.swift in Sources */,
				D6FA6B4C2C71625200101E55 /* SearchResultDefaultTableViewCellViewModel.swift in Sources */,
				D6FA6B542C71631B00101E55 /* SearchResultSubtitleTableViewCellViewModel.swift in Sources */,
				D612B99E2C7AAC0C00A4A1C8 /* ActionLabelView.swift in Sources */,
				D6EFAAB32C0AC9E500E6570B /* ProfileViewController.swift in Sources */,
				D6EFAAA52C0AC93000E6570B /* TabBarViewController.swift in Sources */,
				D6FA6B562C7164DB00101E55 /* CategoryCollectionViewCellViewModel.swift in Sources */,
				D611359B2C0AA6B40069131F /* HomeViewController.swift in Sources */,
				D6EFAABF2C0ACA4D00E6570B /* HapticsManager.swift in Sources */,
				D6FA6B3E2C715A8500101E55 /* SearchViewController.swift in Sources */,
				D6EFAACD2C0D2B6E00E6570B /* AuthResponse.swift in Sources */,
				D63E0C532C332348008D8E34 /* FeaturedPlaylistCollectionViewCell.swift in Sources */,
				D60C49842C72EEF500F241D0 /* PlayerControlsView.swift in Sources */,
				D605140D2C2A3BA400E9486F /* NewReleasesResponse.swift in Sources */,
				D6EFAAC32C0ACA6B00E6570B /* AudioTrack.swift in Sources */,
				D6FA6B522C7162ED00101E55 /* SearchResultSubtitleTableViewCell.swift in Sources */,
				D63F034A2C698F2700432DC7 /* TitleHeaderCollectionReusableView.swift in Sources */,
				D6EFAAAD2C0AC9C000E6570B /* AuthViewController.swift in Sources */,
				D612B9A02C7AADF800A4A1C8 /* LibraryPlaylistsResponse.swift in Sources */,
				D63E0C572C33249C008D8E34 /* RecommendedTrackCollectionViewCell.swift in Sources */,
				D63E0C552C3323E6008D8E34 /* NewReleaseCollectionViewCell.swift in Sources */,
				D63E0C4C2C331F46008D8E34 /* RecommendedTrackCellViewModel.swift in Sources */,
				D6FA6B402C715C8600101E55 /* SearchResultsViewController.swift in Sources */,
				D61135972C0AA6B40069131F /* AppDelegate.swift in Sources */,
				D6EFAAC72C0ACA8200E6570B /* UserProfile.swift in Sources */,
				D6EFAACB2C0BC74C00E6570B /* Extensions.swift in Sources */,
				D6FA6B442C715E9300101E55 /* CategoryCollectionViewCell.swift in Sources */,
				D60C49862C72EF4600F241D0 /* PlayerControlsViewViewModel.swift in Sources */,
				D60514132C2A3FEA00E9486F /* RecommendationsResponse.swift in Sources */,
				D612B99C2C7AAB0900A4A1C8 /* LibraryPlaylistsViewController.swift in Sources */,
				D63F03432C69730F00432DC7 /* PlaylistHeaderCollectionReusableView.swift in Sources */,
				D6EFAAB72C0AC9FC00E6570B /* PlaylistViewController.swift in Sources */,
				D612B9A62C7AB03E00A4A1C8 /* LibraryToggleView.swift in Sources */,
				D6EFAAC52C0ACA7900E6570B /* Artist.swift in Sources */,
				D6B981A52C1E921D008D1377 /* SettingsModels.swift in Sources */,
				D63E0C4A2C331EF6008D8E34 /* NewReleasesCellViewModel.swift in Sources */,
				D6EFAAA92C0AC98D00E6570B /* LibraryViewController.swift in Sources */,
				D612B9A82C7AE4BB00A4A1C8 /* SettingsViewController.swift in Sources */,
				D63F03482C69753200432DC7 /* PlaybackPresenter.swift in Sources */,
				D6FA6B4A2C71610600101E55 /* SearchResultResponse.swift in Sources */,
				D6EFAAB52C0AC9EF00E6570B /* PlayerViewController.swift in Sources */,
				D6857BF92C3BA0F900BB1CA9 /* AlbumDetailsResponse.swift in Sources */,
				D6FA6B582C71716200101E55 /* CategoryViewController.swift in Sources */,
				D6EFAABD2C0ACA3C00E6570B /* APICaller.swift in Sources */,
				D60514112C2A3DDC00E9486F /* FeaturedPlaylistsResponse.swift in Sources */,
				D6FA6B462C715FCD00101E55 /* AllCategoriesResponse.swift in Sources */,
				D612B9A22C7AAF1700A4A1C8 /* LibraryAlbumsViewController.swift in Sources */,
				D61135992C0AA6B40069131F /* SceneDelegate.swift in Sources */,
			);
			runOnlyForDeploymentPostprocessing = 0;
		};
/* End PBXSourcesBuildPhase section */

/* Begin PBXVariantGroup section */
		D61135A12C0AA6B50069131F /* LaunchScreen.storyboard */ = {
			isa = PBXVariantGroup;
			children = (
				D61135A22C0AA6B50069131F /* Base */,
			);
			name = LaunchScreen.storyboard;
			sourceTree = "<group>";
		};
/* End PBXVariantGroup section */

/* Begin XCBuildConfiguration section */
		D61135A52C0AA6B50069131F /* Debug */ = {
			isa = XCBuildConfiguration;
			buildSettings = {
				ALWAYS_SEARCH_USER_PATHS = NO;
				ASSETCATALOG_COMPILER_GENERATE_SWIFT_ASSET_SYMBOL_EXTENSIONS = YES;
				CLANG_ANALYZER_NONNULL = YES;
				CLANG_ANALYZER_NUMBER_OBJECT_CONVERSION = YES_AGGRESSIVE;
				CLANG_CXX_LANGUAGE_STANDARD = "gnu++20";
				CLANG_ENABLE_MODULES = YES;
				CLANG_ENABLE_OBJC_ARC = YES;
				CLANG_ENABLE_OBJC_WEAK = YES;
				CLANG_WARN_BLOCK_CAPTURE_AUTORELEASING = YES;
				CLANG_WARN_BOOL_CONVERSION = YES;
				CLANG_WARN_COMMA = YES;
				CLANG_WARN_CONSTANT_CONVERSION = YES;
				CLANG_WARN_DEPRECATED_OBJC_IMPLEMENTATIONS = YES;
				CLANG_WARN_DIRECT_OBJC_ISA_USAGE = YES_ERROR;
				CLANG_WARN_DOCUMENTATION_COMMENTS = YES;
				CLANG_WARN_EMPTY_BODY = YES;
				CLANG_WARN_ENUM_CONVERSION = YES;
				CLANG_WARN_INFINITE_RECURSION = YES;
				CLANG_WARN_INT_CONVERSION = YES;
				CLANG_WARN_NON_LITERAL_NULL_CONVERSION = YES;
				CLANG_WARN_OBJC_IMPLICIT_RETAIN_SELF = YES;
				CLANG_WARN_OBJC_LITERAL_CONVERSION = YES;
				CLANG_WARN_OBJC_ROOT_CLASS = YES_ERROR;
				CLANG_WARN_QUOTED_INCLUDE_IN_FRAMEWORK_HEADER = YES;
				CLANG_WARN_RANGE_LOOP_ANALYSIS = YES;
				CLANG_WARN_STRICT_PROTOTYPES = YES;
				CLANG_WARN_SUSPICIOUS_MOVE = YES;
				CLANG_WARN_UNGUARDED_AVAILABILITY = YES_AGGRESSIVE;
				CLANG_WARN_UNREACHABLE_CODE = YES;
				CLANG_WARN__DUPLICATE_METHOD_MATCH = YES;
				COPY_PHASE_STRIP = NO;
				DEBUG_INFORMATION_FORMAT = dwarf;
				ENABLE_STRICT_OBJC_MSGSEND = YES;
				ENABLE_TESTABILITY = YES;
				ENABLE_USER_SCRIPT_SANDBOXING = NO;
				GCC_C_LANGUAGE_STANDARD = gnu17;
				GCC_DYNAMIC_NO_PIC = NO;
				GCC_NO_COMMON_BLOCKS = YES;
				GCC_OPTIMIZATION_LEVEL = 0;
				GCC_PREPROCESSOR_DEFINITIONS = (
					"DEBUG=1",
					"$(inherited)",
				);
				GCC_WARN_64_TO_32_BIT_CONVERSION = YES;
				GCC_WARN_ABOUT_RETURN_TYPE = YES_ERROR;
				GCC_WARN_UNDECLARED_SELECTOR = YES;
				GCC_WARN_UNINITIALIZED_AUTOS = YES_AGGRESSIVE;
				GCC_WARN_UNUSED_FUNCTION = YES;
				GCC_WARN_UNUSED_VARIABLE = YES;
				IPHONEOS_DEPLOYMENT_TARGET = 17.5;
				LOCALIZATION_PREFERS_STRING_CATALOGS = YES;
				MTL_ENABLE_DEBUG_INFO = INCLUDE_SOURCE;
				MTL_FAST_MATH = YES;
				ONLY_ACTIVE_ARCH = YES;
				SDKROOT = iphoneos;
				SWIFT_ACTIVE_COMPILATION_CONDITIONS = "DEBUG $(inherited)";
				SWIFT_OPTIMIZATION_LEVEL = "-Onone";
			};
			name = Debug;
		};
		D61135A62C0AA6B50069131F /* Release */ = {
			isa = XCBuildConfiguration;
			buildSettings = {
				ALWAYS_SEARCH_USER_PATHS = NO;
				ASSETCATALOG_COMPILER_GENERATE_SWIFT_ASSET_SYMBOL_EXTENSIONS = YES;
				CLANG_ANALYZER_NONNULL = YES;
				CLANG_ANALYZER_NUMBER_OBJECT_CONVERSION = YES_AGGRESSIVE;
				CLANG_CXX_LANGUAGE_STANDARD = "gnu++20";
				CLANG_ENABLE_MODULES = YES;
				CLANG_ENABLE_OBJC_ARC = YES;
				CLANG_ENABLE_OBJC_WEAK = YES;
				CLANG_WARN_BLOCK_CAPTURE_AUTORELEASING = YES;
				CLANG_WARN_BOOL_CONVERSION = YES;
				CLANG_WARN_COMMA = YES;
				CLANG_WARN_CONSTANT_CONVERSION = YES;
				CLANG_WARN_DEPRECATED_OBJC_IMPLEMENTATIONS = YES;
				CLANG_WARN_DIRECT_OBJC_ISA_USAGE = YES_ERROR;
				CLANG_WARN_DOCUMENTATION_COMMENTS = YES;
				CLANG_WARN_EMPTY_BODY = YES;
				CLANG_WARN_ENUM_CONVERSION = YES;
				CLANG_WARN_INFINITE_RECURSION = YES;
				CLANG_WARN_INT_CONVERSION = YES;
				CLANG_WARN_NON_LITERAL_NULL_CONVERSION = YES;
				CLANG_WARN_OBJC_IMPLICIT_RETAIN_SELF = YES;
				CLANG_WARN_OBJC_LITERAL_CONVERSION = YES;
				CLANG_WARN_OBJC_ROOT_CLASS = YES_ERROR;
				CLANG_WARN_QUOTED_INCLUDE_IN_FRAMEWORK_HEADER = YES;
				CLANG_WARN_RANGE_LOOP_ANALYSIS = YES;
				CLANG_WARN_STRICT_PROTOTYPES = YES;
				CLANG_WARN_SUSPICIOUS_MOVE = YES;
				CLANG_WARN_UNGUARDED_AVAILABILITY = YES_AGGRESSIVE;
				CLANG_WARN_UNREACHABLE_CODE = YES;
				CLANG_WARN__DUPLICATE_METHOD_MATCH = YES;
				COPY_PHASE_STRIP = NO;
				DEBUG_INFORMATION_FORMAT = "dwarf-with-dsym";
				ENABLE_NS_ASSERTIONS = NO;
				ENABLE_STRICT_OBJC_MSGSEND = YES;
				ENABLE_USER_SCRIPT_SANDBOXING = NO;
				GCC_C_LANGUAGE_STANDARD = gnu17;
				GCC_NO_COMMON_BLOCKS = YES;
				GCC_WARN_64_TO_32_BIT_CONVERSION = YES;
				GCC_WARN_ABOUT_RETURN_TYPE = YES_ERROR;
				GCC_WARN_UNDECLARED_SELECTOR = YES;
				GCC_WARN_UNINITIALIZED_AUTOS = YES_AGGRESSIVE;
				GCC_WARN_UNUSED_FUNCTION = YES;
				GCC_WARN_UNUSED_VARIABLE = YES;
				IPHONEOS_DEPLOYMENT_TARGET = 17.5;
				LOCALIZATION_PREFERS_STRING_CATALOGS = YES;
				MTL_ENABLE_DEBUG_INFO = NO;
				MTL_FAST_MATH = YES;
				SDKROOT = iphoneos;
				SWIFT_COMPILATION_MODE = wholemodule;
				VALIDATE_PRODUCT = YES;
			};
			name = Release;
		};
		D61135A82C0AA6B50069131F /* Debug */ = {
			isa = XCBuildConfiguration;
			baseConfigurationReference = 6EDCEE701559AE0D9486631D /* Pods-Spotify.debug.xcconfig */;
			buildSettings = {
				ASSETCATALOG_COMPILER_APPICON_NAME = AppIcon;
				ASSETCATALOG_COMPILER_GLOBAL_ACCENT_COLOR_NAME = AccentColor;
				CODE_SIGN_IDENTITY = "Apple Development";
				CODE_SIGN_STYLE = Automatic;
				CURRENT_PROJECT_VERSION = 1;
				DEVELOPMENT_TEAM = B444286844;
				GENERATE_INFOPLIST_FILE = YES;
				INFOPLIST_FILE = Spotify/Info.plist;
				INFOPLIST_KEY_UIApplicationSupportsIndirectInputEvents = YES;
				INFOPLIST_KEY_UILaunchStoryboardName = LaunchScreen;
				INFOPLIST_KEY_UISupportedInterfaceOrientations_iPad = "UIInterfaceOrientationPortrait UIInterfaceOrientationPortraitUpsideDown UIInterfaceOrientationLandscapeLeft UIInterfaceOrientationLandscapeRight";
				INFOPLIST_KEY_UISupportedInterfaceOrientations_iPhone = "UIInterfaceOrientationPortrait UIInterfaceOrientationLandscapeLeft UIInterfaceOrientationLandscapeRight";
				LD_RUNPATH_SEARCH_PATHS = (
					"$(inherited)",
					"@executable_path/Frameworks",
				);
				MARKETING_VERSION = 1.0;
				PRODUCT_BUNDLE_IDENTIFIER = com.jacksonyin.Spotify;
				PRODUCT_NAME = "$(TARGET_NAME)";
				PROVISIONING_PROFILE_SPECIFIER = "";
				SWIFT_EMIT_LOC_STRINGS = YES;
				SWIFT_VERSION = 5.0;
				TARGETED_DEVICE_FAMILY = "1,2";
			};
			name = Debug;
		};
		D61135A92C0AA6B50069131F /* Release */ = {
			isa = XCBuildConfiguration;
			baseConfigurationReference = E3C426450637AADEF27C7B08 /* Pods-Spotify.release.xcconfig */;
			buildSettings = {
				ASSETCATALOG_COMPILER_APPICON_NAME = AppIcon;
				ASSETCATALOG_COMPILER_GLOBAL_ACCENT_COLOR_NAME = AccentColor;
				CODE_SIGN_IDENTITY = "Apple Development";
				CODE_SIGN_STYLE = Automatic;
				CURRENT_PROJECT_VERSION = 1;
				DEVELOPMENT_TEAM = B444286844;
				GENERATE_INFOPLIST_FILE = YES;
				INFOPLIST_FILE = Spotify/Info.plist;
				INFOPLIST_KEY_UIApplicationSupportsIndirectInputEvents = YES;
				INFOPLIST_KEY_UILaunchStoryboardName = LaunchScreen;
				INFOPLIST_KEY_UISupportedInterfaceOrientations_iPad = "UIInterfaceOrientationPortrait UIInterfaceOrientationPortraitUpsideDown UIInterfaceOrientationLandscapeLeft UIInterfaceOrientationLandscapeRight";
				INFOPLIST_KEY_UISupportedInterfaceOrientations_iPhone = "UIInterfaceOrientationPortrait UIInterfaceOrientationLandscapeLeft UIInterfaceOrientationLandscapeRight";
				LD_RUNPATH_SEARCH_PATHS = (
					"$(inherited)",
					"@executable_path/Frameworks",
				);
				MARKETING_VERSION = 1.0;
				PRODUCT_BUNDLE_IDENTIFIER = com.jacksonyin.Spotify;
				PRODUCT_NAME = "$(TARGET_NAME)";
				PROVISIONING_PROFILE_SPECIFIER = "";
				SWIFT_EMIT_LOC_STRINGS = YES;
				SWIFT_VERSION = 5.0;
				TARGETED_DEVICE_FAMILY = "1,2";
			};
			name = Release;
		};
/* End XCBuildConfiguration section */

/* Begin XCConfigurationList section */
		D611358E2C0AA6B40069131F /* Build configuration list for PBXProject "Spotify" */ = {
			isa = XCConfigurationList;
			buildConfigurations = (
				D61135A52C0AA6B50069131F /* Debug */,
				D61135A62C0AA6B50069131F /* Release */,
			);
			defaultConfigurationIsVisible = 0;
			defaultConfigurationName = Release;
		};
		D61135A72C0AA6B50069131F /* Build configuration list for PBXNativeTarget "Spotify" */ = {
			isa = XCConfigurationList;
			buildConfigurations = (
				D61135A82C0AA6B50069131F /* Debug */,
				D61135A92C0AA6B50069131F /* Release */,
			);
			defaultConfigurationIsVisible = 0;
			defaultConfigurationName = Release;
		};
/* End XCConfigurationList section */
	};
	rootObject = D611358B2C0AA6B40069131F /* Project object */;
}
